github.com/marcos-venicius/aocreader v0.0.0-20240906115437-f1440d6564b0 h1:/rUJe5RnYxezeP8Dkvh552AB9N3eBsHrZAdOIlyHjY4=
github.com/marcos-venicius/aocreader v0.0.0-20240906115437-f1440d6564b0/go.mod h1:AylllGomxrvBKmInyWyJ81OPcPApwxYFwArR72cuuAM=
github.com/marcos-venicius/aocreader v0.0.0-20241201000902-251c3d42a926 h1:US0xShGjcb3mr/UGGCZq/vJf7CchqhMJQrQRIotb3D4=
github.com/marcos-venicius/aocreader v0.0.0-20241201000902-251c3d42a926/go.mod h1:AylllGomxrvBKmInyWyJ81OPcPApwxYFwArR72cuuAM=
github.com/marcos-venicius/aocreader v0.0.0-20241201001738-3171593966c2 h1:a/5Rm6ZztmvDU2nyrUnptF7CZsm+jf0oX5+fFBgJfE0=
github.com/marcos-venicius/aocreader v0.0.0-20241201001738-3171593966c2/go.mod h1:AylllGomxrvBKmInyWyJ81OPcPApwxYFwArR72cuuAM=
